---
path: ".gem_rbs_collection"
gems:
- name: ast
  version: '2.4'
  source:
    type: git
    name: ruby/gem_rbs_collection
    revision: 3913b7dffb65bdffdfe5cb9095108f932e85433b
    remote: https://github.com/ruby/gem_rbs_collection.git
    repo_dir: gems
- name: diff-lcs
  version: '1.5'
  source:
    type: git
    name: ruby/gem_rbs_collection
    revision: 3913b7dffb65bdffdfe5cb9095108f932e85433b
    remote: https://github.com/ruby/gem_rbs_collection.git
    repo_dir: gems
- name: digest
  version: '0'
  source:
    type: stdlib
- name: fileutils
  version: '0'
  source:
    type: stdlib
- name: forwardable
  version: '0'
  source:
    type: stdlib
- name: io-console
  version: '0'
  source:
    type: stdlib
- name: irb-autosuggestions
  version: 0.2.1
  source:
    type: rubygems
- name: json
  version: '0'
  source:
    type: stdlib
- name: lint_roller
  version: '1.1'
  source:
    type: git
    name: ruby/gem_rbs_collection
    revision: 3913b7dffb65bdffdfe5cb9095108f932e85433b
    remote: https://github.com/ruby/gem_rbs_collection.git
    repo_dir: gems
- name: logger
  version: '1.7'
  source:
    type: git
    name: ruby/gem_rbs_collection
    revision: 3913b7dffb65bdffdfe5cb9095108f932e85433b
    remote: https://github.com/ruby/gem_rbs_collection.git
    repo_dir: gems
- name: monitor
  version: '0'
  source:
    type: stdlib
- name: optparse
  version: '0'
  source:
    type: stdlib
- name: parallel
  version: '1.20'
  source:
    type: git
    name: ruby/gem_rbs_collection
    revision: 3913b7dffb65bdffdfe5cb9095108f932e85433b
    remote: https://github.com/ruby/gem_rbs_collection.git
    repo_dir: gems
- name: parser
  version: '3.2'
  source:
    type: git
    name: ruby/gem_rbs_collection
    revision: 3913b7dffb65bdffdfe5cb9095108f932e85433b
    remote: https://github.com/ruby/gem_rbs_collection.git
    repo_dir: gems
- name: pathname
  version: '0'
  source:
    type: stdlib
- name: prism
  version: 1.9.0
  source:
    type: rubygems
- name: rainbow
  version: '3.0'
  source:
    type: git
    name: ruby/gem_rbs_collection
    revision: 3913b7dffb65bdffdfe5cb9095108f932e85433b
    remote: https://github.com/ruby/gem_rbs_collection.git
    repo_dir: gems
- name: rake
  version: '13.0'
  source:
    type: git
    name: ruby/gem_rbs_collection
    revision: 3913b7dffb65bdffdfe5cb9095108f932e85433b
    remote: https://github.com/ruby/gem_rbs_collection.git
    repo_dir: gems
- name: random-formatter
  version: '0'
  source:
    type: stdlib
- name: rbs
  version: 4.0.2
  source:
    type: rubygems
- name: rdoc
  version: '0'
  source:
    type: stdlib
- name: regexp_parser
  version: '2.8'
  source:
    type: git
    name: ruby/gem_rbs_collection
    revision: 3913b7dffb65bdffdfe5cb9095108f932e85433b
    remote: https://github.com/ruby/gem_rbs_collection.git
    repo_dir: gems
- name: ripper
  version: '0'
  source:
    type: stdlib
- name: rubocop
  version: '1.57'
  source:
    type: git
    name: ruby/gem_rbs_collection
    revision: 3913b7dffb65bdffdfe5cb9095108f932e85433b
    remote: https://github.com/ruby/gem_rbs_collection.git
    repo_dir: gems
- name: rubocop-ast
  version: '1.46'
  source:
    type: git
    name: ruby/gem_rbs_collection
    revision: 3913b7dffb65bdffdfe5cb9095108f932e85433b
    remote: https://github.com/ruby/gem_rbs_collection.git
    repo_dir: gems
- name: rubocop-sorted_methods_by_call
  version: 1.2.3
  source:
    type: rubygems
- name: securerandom
  version: '0'
  source:
    type: stdlib
- name: socket
  version: '0'
  source:
    type: stdlib
- name: strscan
  version: '0'
  source:
    type: stdlib
- name: tsort
  version: '0'
  source:
    type: stdlib
- name: yard
  version: '0.9'
  source:
    type: git
    name: ruby/gem_rbs_collection
    revision: 3913b7dffb65bdffdfe5cb9095108f932e85433b
    remote: https://github.com/ruby/gem_rbs_collection.git
    repo_dir: gems
gemfile_lock_path: Gemfile.lock
